
Microsoft Visual Studio Solution File, Format Version 12.00
# Visual Studio Version 17
VisualStudioVersion = 17.3.32922.545
MinimumVisualStudioVersion = 10.0.40219.1
Project("{9A19103F-16F7-4668-BE54-9A1E7A4F7556}") = "CreationalDesignPattern-FactoryMethod", "CreationalDesignPattern-FactoryMethod\CreationalDesignPattern-FactoryMethod.csproj", "{A1207031-82C3-49C5-AFD0-787790004548}"
EndProject
Project("{9A19103F-16F7-4668-BE54-9A1E7A4F7556}") = "CreationalDesignPattern-AbstractFactory", "CreationalDesignPattern-AbstractFactory\CreationalDesignPattern-AbstractFactory.csproj", "{E1F1CF8D-7C2E-424F-9309-AE8105801B48}"
EndProject
Project("{2150E333-8FDC-42A3-9474-1A3956D46DE8}") = "Solution Items", "Solution Items", "{902CCA15-7D16-49AE-AC60-3C5687C8930B}"
	ProjectSection(SolutionItems) = preProject
		.editorconfig = .editorconfig
	EndProjectSection
EndProject
Project("{9A19103F-16F7-4668-BE54-9A1E7A4F7556}") = "CreationalDesignPattern-Singleton", "CreationalDesignPattern-Singleton\CreationalDesignPattern-Singleton.csproj", "{DDDB66C1-1397-4F70-9D30-302B3976280F}"
EndProject
Project("{9A19103F-16F7-4668-BE54-9A1E7A4F7556}") = "StructuralDesignPattern-Decorator", "StructuralDesignPattern-Decorator\StructuralDesignPattern-Decorator.csproj", "{FE217056-121A-4DF1-882A-26E39378E34F}"
EndProject
Project("{9A19103F-16F7-4668-BE54-9A1E7A4F7556}") = "CreationalDesignPattern-Builder", "CreationalDesignPattern-Builder\CreationalDesignPattern-Builder.csproj", "{7CAB84A0-D263-4412-AA90-14CA5F65C8C7}"
EndProject
Project("{9A19103F-16F7-4668-BE54-9A1E7A4F7556}") = "CreationalDesignPattern-Prototype", "CreationalDesignPattern-Prototype\CreationalDesignPattern-Prototype.csproj", "{594378B3-8D47-4341-9795-E48B6FCB2655}"
EndProject
Project("{9A19103F-16F7-4668-BE54-9A1E7A4F7556}") = "BehavioralDesignPattern-Command", "BehavioralDesignPattern-Command\BehavioralDesignPattern-Command.csproj", "{A9306046-1B1C-4624-8585-0B6E27765702}"
EndProject
Project("{9A19103F-16F7-4668-BE54-9A1E7A4F7556}") = "BehavioralDesignPattern-ChainOfResponsibility", "BehavioralDesignPattern-ChainOfResponsibility\BehavioralDesignPattern-ChainOfResponsibility.csproj", "{DEDCF47C-E538-4526-B077-5678F26365E0}"
EndProject
Project("{9A19103F-16F7-4668-BE54-9A1E7A4F7556}") = "StructuralDesignPattern-Proxy", "StructuralDesignPattern-Proxy\StructuralDesignPattern-Proxy.csproj", "{902DCA5B-9BE8-4661-810F-F5E46A52E79B}"
EndProject
Project("{9A19103F-16F7-4668-BE54-9A1E7A4F7556}") = "StructuralDesignPattern-Adapter", "StructuralDesignPattern-Adapter\StructuralDesignPattern-Adapter.csproj", "{911F7F6C-87CB-4BA1-80D4-E6ECEFC46634}"
EndProject
Project("{9A19103F-16F7-4668-BE54-9A1E7A4F7556}") = "BehavioralDesignPattern-State", "BehavioralDesignPattern-State\BehavioralDesignPattern-State.csproj", "{0ED386BA-321F-4112-9E03-C8B8FAEEA015}"
EndProject
Project("{9A19103F-16F7-4668-BE54-9A1E7A4F7556}") = "BehavioralDesignPattern-Mediator", "BehavioralDesignPattern-Mediator\BehavioralDesignPattern-Mediator.csproj", "{956F804D-B200-47F5-AF5E-3870FD1616AE}"
EndProject
Project("{9A19103F-16F7-4668-BE54-9A1E7A4F7556}") = "StructuralDesignPattern-Bridge", "StructuralDesignPattern-Bridge\StructuralDesignPattern-Bridge.csproj", "{4424AF6B-008B-4B44-9B95-DA04FC670F1E}"
EndProject
Project("{9A19103F-16F7-4668-BE54-9A1E7A4F7556}") = "BehavioralDesignPattern-Strategy", "BehavioralDesignPattern-Strategy\BehavioralDesignPattern-Strategy.csproj", "{79A8135A-BCB0-4EA8-9C6F-BC49E49F1ED1}"
EndProject
Project("{9A19103F-16F7-4668-BE54-9A1E7A4F7556}") = "StructuralDesignPattern-Facade", "StructuralDesignPattern-Facade\StructuralDesignPattern-Facade.csproj", "{761E5E0A-43E5-4FA5-8C0B-3B402B0D5432}"
EndProject
Project("{9A19103F-16F7-4668-BE54-9A1E7A4F7556}") = "BehavioralDesignPattern-TemplateMethod", "BehavioralDesignPattern-TemplateMethod\BehavioralDesignPattern-TemplateMethod.csproj", "{47B3BF0B-714B-4B36-96A8-28C608100989}"
EndProject
Project("{9A19103F-16F7-4668-BE54-9A1E7A4F7556}") = "BehavioralDesignPattern-Visitor", "BehavioralDesignPattern-Visitor\BehavioralDesignPattern-Visitor.csproj", "{9C29D3ED-CCDE-469F-9B0A-B61B547CBC1B}"
EndProject
Project("{FAE04EC0-301F-11D3-BF4B-00C04F79EFBC}") = "BehavioralDesignPattern-Iterator", "BehavioralDesignPattern-Iterator\BehavioralDesignPattern-Iterator.csproj", "{160E4458-362C-47AE-935A-1359AFFF20A0}"
EndProject
Global
	GlobalSection(SolutionConfigurationPlatforms) = preSolution
		Debug|Any CPU = Debug|Any CPU
		Release|Any CPU = Release|Any CPU
	EndGlobalSection
	GlobalSection(ProjectConfigurationPlatforms) = postSolution
		{A1207031-82C3-49C5-AFD0-787790004548}.Debug|Any CPU.ActiveCfg = Debug|Any CPU
		{A1207031-82C3-49C5-AFD0-787790004548}.Debug|Any CPU.Build.0 = Debug|Any CPU
		{A1207031-82C3-49C5-AFD0-787790004548}.Release|Any CPU.ActiveCfg = Release|Any CPU
		{A1207031-82C3-49C5-AFD0-787790004548}.Release|Any CPU.Build.0 = Release|Any CPU
		{E1F1CF8D-7C2E-424F-9309-AE8105801B48}.Debug|Any CPU.ActiveCfg = Debug|Any CPU
		{E1F1CF8D-7C2E-424F-9309-AE8105801B48}.Debug|Any CPU.Build.0 = Debug|Any CPU
		{E1F1CF8D-7C2E-424F-9309-AE8105801B48}.Release|Any CPU.ActiveCfg = Release|Any CPU
		{E1F1CF8D-7C2E-424F-9309-AE8105801B48}.Release|Any CPU.Build.0 = Release|Any CPU
		{DDDB66C1-1397-4F70-9D30-302B3976280F}.Debug|Any CPU.ActiveCfg = Debug|Any CPU
		{DDDB66C1-1397-4F70-9D30-302B3976280F}.Debug|Any CPU.Build.0 = Debug|Any CPU
		{DDDB66C1-1397-4F70-9D30-302B3976280F}.Release|Any CPU.ActiveCfg = Release|Any CPU
		{DDDB66C1-1397-4F70-9D30-302B3976280F}.Release|Any CPU.Build.0 = Release|Any CPU
		{FE217056-121A-4DF1-882A-26E39378E34F}.Debug|Any CPU.ActiveCfg = Debug|Any CPU
		{FE217056-121A-4DF1-882A-26E39378E34F}.Debug|Any CPU.Build.0 = Debug|Any CPU
		{FE217056-121A-4DF1-882A-26E39378E34F}.Release|Any CPU.ActiveCfg = Release|Any CPU
		{FE217056-121A-4DF1-882A-26E39378E34F}.Release|Any CPU.Build.0 = Release|Any CPU
		{7CAB84A0-D263-4412-AA90-14CA5F65C8C7}.Debug|Any CPU.ActiveCfg = Debug|Any CPU
		{7CAB84A0-D263-4412-AA90-14CA5F65C8C7}.Debug|Any CPU.Build.0 = Debug|Any CPU
		{7CAB84A0-D263-4412-AA90-14CA5F65C8C7}.Release|Any CPU.ActiveCfg = Release|Any CPU
		{7CAB84A0-D263-4412-AA90-14CA5F65C8C7}.Release|Any CPU.Build.0 = Release|Any CPU
		{594378B3-8D47-4341-9795-E48B6FCB2655}.Debug|Any CPU.ActiveCfg = Debug|Any CPU
		{594378B3-8D47-4341-9795-E48B6FCB2655}.Debug|Any CPU.Build.0 = Debug|Any CPU
		{594378B3-8D47-4341-9795-E48B6FCB2655}.Release|Any CPU.ActiveCfg = Release|Any CPU
		{594378B3-8D47-4341-9795-E48B6FCB2655}.Release|Any CPU.Build.0 = Release|Any CPU
		{A9306046-1B1C-4624-8585-0B6E27765702}.Debug|Any CPU.ActiveCfg = Debug|Any CPU
		{A9306046-1B1C-4624-8585-0B6E27765702}.Debug|Any CPU.Build.0 = Debug|Any CPU
		{A9306046-1B1C-4624-8585-0B6E27765702}.Release|Any CPU.ActiveCfg = Release|Any CPU
		{A9306046-1B1C-4624-8585-0B6E27765702}.Release|Any CPU.Build.0 = Release|Any CPU
		{DEDCF47C-E538-4526-B077-5678F26365E0}.Debug|Any CPU.ActiveCfg = Debug|Any CPU
		{DEDCF47C-E538-4526-B077-5678F26365E0}.Debug|Any CPU.Build.0 = Debug|Any CPU
		{DEDCF47C-E538-4526-B077-5678F26365E0}.Release|Any CPU.ActiveCfg = Release|Any CPU
		{DEDCF47C-E538-4526-B077-5678F26365E0}.Release|Any CPU.Build.0 = Release|Any CPU
		{902DCA5B-9BE8-4661-810F-F5E46A52E79B}.Debug|Any CPU.ActiveCfg = Debug|Any CPU
		{902DCA5B-9BE8-4661-810F-F5E46A52E79B}.Debug|Any CPU.Build.0 = Debug|Any CPU
		{902DCA5B-9BE8-4661-810F-F5E46A52E79B}.Release|Any CPU.ActiveCfg = Release|Any CPU
		{902DCA5B-9BE8-4661-810F-F5E46A52E79B}.Release|Any CPU.Build.0 = Release|Any CPU
		{911F7F6C-87CB-4BA1-80D4-E6ECEFC46634}.Debug|Any CPU.ActiveCfg = Debug|Any CPU
		{911F7F6C-87CB-4BA1-80D4-E6ECEFC46634}.Debug|Any CPU.Build.0 = Debug|Any CPU
		{911F7F6C-87CB-4BA1-80D4-E6ECEFC46634}.Release|Any CPU.ActiveCfg = Release|Any CPU
		{911F7F6C-87CB-4BA1-80D4-E6ECEFC46634}.Release|Any CPU.Build.0 = Release|Any CPU
		{0ED386BA-321F-4112-9E03-C8B8FAEEA015}.Debug|Any CPU.ActiveCfg = Debug|Any CPU
		{0ED386BA-321F-4112-9E03-C8B8FAEEA015}.Debug|Any CPU.Build.0 = Debug|Any CPU
		{0ED386BA-321F-4112-9E03-C8B8FAEEA015}.Release|Any CPU.ActiveCfg = Release|Any CPU
		{0ED386BA-321F-4112-9E03-C8B8FAEEA015}.Release|Any CPU.Build.0 = Release|Any CPU
		{956F804D-B200-47F5-AF5E-3870FD1616AE}.Debug|Any CPU.ActiveCfg = Debug|Any CPU
		{956F804D-B200-47F5-AF5E-3870FD1616AE}.Debug|Any CPU.Build.0 = Debug|Any CPU
		{956F804D-B200-47F5-AF5E-3870FD1616AE}.Release|Any CPU.ActiveCfg = Release|Any CPU
		{956F804D-B200-47F5-AF5E-3870FD1616AE}.Release|Any CPU.Build.0 = Release|Any CPU
		{4424AF6B-008B-4B44-9B95-DA04FC670F1E}.Debug|Any CPU.ActiveCfg = Debug|Any CPU
		{4424AF6B-008B-4B44-9B95-DA04FC670F1E}.Debug|Any CPU.Build.0 = Debug|Any CPU
		{4424AF6B-008B-4B44-9B95-DA04FC670F1E}.Release|Any CPU.ActiveCfg = Release|Any CPU
		{4424AF6B-008B-4B44-9B95-DA04FC670F1E}.Release|Any CPU.Build.0 = Release|Any CPU
		{79A8135A-BCB0-4EA8-9C6F-BC49E49F1ED1}.Debug|Any CPU.ActiveCfg = Debug|Any CPU
		{79A8135A-BCB0-4EA8-9C6F-BC49E49F1ED1}.Debug|Any CPU.Build.0 = Debug|Any CPU
		{79A8135A-BCB0-4EA8-9C6F-BC49E49F1ED1}.Release|Any CPU.ActiveCfg = Release|Any CPU
		{79A8135A-BCB0-4EA8-9C6F-BC49E49F1ED1}.Release|Any CPU.Build.0 = Release|Any CPU
		{761E5E0A-43E5-4FA5-8C0B-3B402B0D5432}.Debug|Any CPU.ActiveCfg = Debug|Any CPU
		{761E5E0A-43E5-4FA5-8C0B-3B402B0D5432}.Debug|Any CPU.Build.0 = Debug|Any CPU
		{761E5E0A-43E5-4FA5-8C0B-3B402B0D5432}.Release|Any CPU.ActiveCfg = Release|Any CPU
		{761E5E0A-43E5-4FA5-8C0B-3B402B0D5432}.Release|Any CPU.Build.0 = Release|Any CPU
		{47B3BF0B-714B-4B36-96A8-28C608100989}.Debug|Any CPU.ActiveCfg = Debug|Any CPU
		{47B3BF0B-714B-4B36-96A8-28C608100989}.Debug|Any CPU.Build.0 = Debug|Any CPU
		{47B3BF0B-714B-4B36-96A8-28C608100989}.Release|Any CPU.ActiveCfg = Release|Any CPU
		{47B3BF0B-714B-4B36-96A8-28C608100989}.Release|Any CPU.Build.0 = Release|Any CPU
		{9C29D3ED-CCDE-469F-9B0A-B61B547CBC1B}.Debug|Any CPU.ActiveCfg = Debug|Any CPU
		{9C29D3ED-CCDE-469F-9B0A-B61B547CBC1B}.Debug|Any CPU.Build.0 = Debug|Any CPU
		{9C29D3ED-CCDE-469F-9B0A-B61B547CBC1B}.Release|Any CPU.ActiveCfg = Release|Any CPU
		{9C29D3ED-CCDE-469F-9B0A-B61B547CBC1B}.Release|Any CPU.Build.0 = Release|Any CPU
		{160E4458-362C-47AE-935A-1359AFFF20A0}.Debug|Any CPU.ActiveCfg = Debug|Any CPU
		{160E4458-362C-47AE-935A-1359AFFF20A0}.Debug|Any CPU.Build.0 = Debug|Any CPU
		{160E4458-362C-47AE-935A-1359AFFF20A0}.Release|Any CPU.ActiveCfg = Release|Any CPU
		{160E4458-362C-47AE-935A-1359AFFF20A0}.Release|Any CPU.Build.0 = Release|Any CPU
	EndGlobalSection
	GlobalSection(SolutionProperties) = preSolution
		HideSolutionNode = FALSE
	EndGlobalSection
	GlobalSection(ExtensibilityGlobals) = postSolution
		SolutionGuid = {0A3A9E0C-F45B-42B7-9A24-53016FDB0897}
	EndGlobalSection
EndGlobal
