
Microsoft Visual Studio Solution File, Format Version 12.00
# Visual Studio Version 17
VisualStudioVersion = 17.3.32922.545
MinimumVisualStudioVersion = 10.0.40219.1
Project("{9A19103F-16F7-4668-BE54-9A1E7A4F7556}") = "CreationalDesignPattern-FactoryMethod", "CreationalDesignPattern-FactoryMethod\CreationalDesignPattern-FactoryMethod.csproj", "{A1207031-82C3-49C5-AFD0-787790004548}"
EndProject
Project("{9A19103F-16F7-4668-BE54-9A1E7A4F7556}") = "CreationalDesignPattern-AbstractFactory", "CreationalDesignPattern-AbstractFactory\CreationalDesignPattern-AbstractFactory.csproj", "{E1F1CF8D-7C2E-424F-9309-AE8105801B48}"
EndProject
Project("{2150E333-8FDC-42A3-9474-1A3956D46DE8}") = "Solution Items", "Solution Items", "{902CCA15-7D16-49AE-AC60-3C5687C8930B}"
	ProjectSection(SolutionItems) = preProject
		.editorconfig = .editorconfig
	EndProjectSection
EndProject
Project("{9A19103F-16F7-4668-BE54-9A1E7A4F7556}") = "CreationalDesignPattern-Singleton", "CreationalDesignPattern-Singleton\CreationalDesignPattern-Singleton.csproj", "{DDDB66C1-1397-4F70-9D30-302B3976280F}"
EndProject
Project("{9A19103F-16F7-4668-BE54-9A1E7A4F7556}") = "StructuralDesignPattern-Adapter", "BehavioralDesignPattern-Adapter\StructuralDesignPattern-Adapter.csproj", "{82C51A49-3F5D-47A7-AD2C-63AC68F4AAA8}"
EndProject
Project("{9A19103F-16F7-4668-BE54-9A1E7A4F7556}") = "StructuralDesignPattern-Decorator", "StructuralDesignPattern-Decorator\StructuralDesignPattern-Decorator.csproj", "{FE217056-121A-4DF1-882A-26E39378E34F}"
EndProject
Project("{9A19103F-16F7-4668-BE54-9A1E7A4F7556}") = "CreationalDesignPattern-Builder", "CreationalDesignPattern-Builder\CreationalDesignPattern-Builder.csproj", "{7CAB84A0-D263-4412-AA90-14CA5F65C8C7}"
EndProject
Project("{9A19103F-16F7-4668-BE54-9A1E7A4F7556}") = "CreationalDesignPattern-Prototype", "CreationalDesignPattern-Prototype\CreationalDesignPattern-Prototype.csproj", "{594378B3-8D47-4341-9795-E48B6FCB2655}"
EndProject
Project("{FAE04EC0-301F-11D3-BF4B-00C04F79EFBC}") = "BehavioralDesignPattern-Command", "BehavioralDesignPattern-Command\BehavioralDesignPattern-Command.csproj", "{A9306046-1B1C-4624-8585-0B6E27765702}"
EndProject
Global
	GlobalSection(SolutionConfigurationPlatforms) = preSolution
		Debug|Any CPU = Debug|Any CPU
		Release|Any CPU = Release|Any CPU
	EndGlobalSection
	GlobalSection(ProjectConfigurationPlatforms) = postSolution
		{A1207031-82C3-49C5-AFD0-787790004548}.Debug|Any CPU.ActiveCfg = Debug|Any CPU
		{A1207031-82C3-49C5-AFD0-787790004548}.Debug|Any CPU.Build.0 = Debug|Any CPU
		{A1207031-82C3-49C5-AFD0-787790004548}.Release|Any CPU.ActiveCfg = Release|Any CPU
		{A1207031-82C3-49C5-AFD0-787790004548}.Release|Any CPU.Build.0 = Release|Any CPU
		{E1F1CF8D-7C2E-424F-9309-AE8105801B48}.Debug|Any CPU.ActiveCfg = Debug|Any CPU
		{E1F1CF8D-7C2E-424F-9309-AE8105801B48}.Debug|Any CPU.Build.0 = Debug|Any CPU
		{E1F1CF8D-7C2E-424F-9309-AE8105801B48}.Release|Any CPU.ActiveCfg = Release|Any CPU
		{E1F1CF8D-7C2E-424F-9309-AE8105801B48}.Release|Any CPU.Build.0 = Release|Any CPU
		{DDDB66C1-1397-4F70-9D30-302B3976280F}.Debug|Any CPU.ActiveCfg = Debug|Any CPU
		{DDDB66C1-1397-4F70-9D30-302B3976280F}.Debug|Any CPU.Build.0 = Debug|Any CPU
		{DDDB66C1-1397-4F70-9D30-302B3976280F}.Release|Any CPU.ActiveCfg = Release|Any CPU
		{DDDB66C1-1397-4F70-9D30-302B3976280F}.Release|Any CPU.Build.0 = Release|Any CPU
		{82C51A49-3F5D-47A7-AD2C-63AC68F4AAA8}.Debug|Any CPU.ActiveCfg = Debug|Any CPU
		{82C51A49-3F5D-47A7-AD2C-63AC68F4AAA8}.Debug|Any CPU.Build.0 = Debug|Any CPU
		{82C51A49-3F5D-47A7-AD2C-63AC68F4AAA8}.Release|Any CPU.ActiveCfg = Release|Any CPU
		{82C51A49-3F5D-47A7-AD2C-63AC68F4AAA8}.Release|Any CPU.Build.0 = Release|Any CPU
		{FE217056-121A-4DF1-882A-26E39378E34F}.Debug|Any CPU.ActiveCfg = Debug|Any CPU
		{FE217056-121A-4DF1-882A-26E39378E34F}.Debug|Any CPU.Build.0 = Debug|Any CPU
		{FE217056-121A-4DF1-882A-26E39378E34F}.Release|Any CPU.ActiveCfg = Release|Any CPU
		{FE217056-121A-4DF1-882A-26E39378E34F}.Release|Any CPU.Build.0 = Release|Any CPU
		{7CAB84A0-D263-4412-AA90-14CA5F65C8C7}.Debug|Any CPU.ActiveCfg = Debug|Any CPU
		{7CAB84A0-D263-4412-AA90-14CA5F65C8C7}.Debug|Any CPU.Build.0 = Debug|Any CPU
		{7CAB84A0-D263-4412-AA90-14CA5F65C8C7}.Release|Any CPU.ActiveCfg = Release|Any CPU
		{7CAB84A0-D263-4412-AA90-14CA5F65C8C7}.Release|Any CPU.Build.0 = Release|Any CPU
		{594378B3-8D47-4341-9795-E48B6FCB2655}.Debug|Any CPU.ActiveCfg = Debug|Any CPU
		{594378B3-8D47-4341-9795-E48B6FCB2655}.Debug|Any CPU.Build.0 = Debug|Any CPU
		{594378B3-8D47-4341-9795-E48B6FCB2655}.Release|Any CPU.ActiveCfg = Release|Any CPU
		{594378B3-8D47-4341-9795-E48B6FCB2655}.Release|Any CPU.Build.0 = Release|Any CPU
		{A9306046-1B1C-4624-8585-0B6E27765702}.Debug|Any CPU.ActiveCfg = Debug|Any CPU
		{A9306046-1B1C-4624-8585-0B6E27765702}.Debug|Any CPU.Build.0 = Debug|Any CPU
		{A9306046-1B1C-4624-8585-0B6E27765702}.Release|Any CPU.ActiveCfg = Release|Any CPU
		{A9306046-1B1C-4624-8585-0B6E27765702}.Release|Any CPU.Build.0 = Release|Any CPU
	EndGlobalSection
	GlobalSection(SolutionProperties) = preSolution
		HideSolutionNode = FALSE
	EndGlobalSection
	GlobalSection(ExtensibilityGlobals) = postSolution
		SolutionGuid = {0A3A9E0C-F45B-42B7-9A24-53016FDB0897}
	EndGlobalSection
EndGlobal
